# THIS IS AN AUTOGENERATED FILE. DO NOT EDIT THIS FILE DIRECTLY.
# yarn lockfile v1


bit-buffer@^0.2.5:
  version "0.2.5"
  resolved "https://registry.yarnpkg.com/bit-buffer/-/bit-buffer-0.2.5.tgz#a7d060d6d957ff363540e8502e2105a5a4240f28"
  integrity sha512-x1yGnmXvFg6e3DiyRztElbcn1bsCTFSoM/ncAzY62uE0JdTl5xlKJd0ooqLYoPbhdsnpehSIQrdIvclcZJYwiA==
